
Microsoft Visual Studio Solution File, Format Version 12.00
# Visual Studio Version 16
VisualStudioVersion = 16.0.30907.101
MinimumVisualStudioVersion = 10.0.40219.1
Project("{FAE04EC0-301F-11D3-BF4B-00C04F79EFBC}") = "Metod", "Metod.csproj", "{DDA71DE2-6C26-427F-B63D-9F76D2BA38F4}"
EndProject
Global
	GlobalSection(SolutionConfigurationPlatforms) = preSolution
		Debug|Any CPU = Debug|Any CPU
		Release|Any CPU = Release|Any CPU
	EndGlobalSection
	GlobalSection(ProjectConfigurationPlatforms) = postSolution
		{DDA71DE2-6C26-427F-B63D-9F76D2BA38F4}.Debug|Any CPU.ActiveCfg = Debug|Any CPU
		{DDA71DE2-6C26-427F-B63D-9F76D2BA38F4}.Debug|Any CPU.Build.0 = Debug|Any CPU
		{DDA71DE2-6C26-427F-B63D-9F76D2BA38F4}.Release|Any CPU.ActiveCfg = Release|Any CPU
		{DDA71DE2-6C26-427F-B63D-9F76D2BA38F4}.Release|Any CPU.Build.0 = Release|Any CPU
	EndGlobalSection
	GlobalSection(SolutionProperties) = preSolution
		HideSolutionNode = FALSE
	EndGlobalSection
	GlobalSection(ExtensibilityGlobals) = postSolution
		SolutionGuid = {FF783C5E-7DD9-4E46-A88F-6B8BC61D69D9}
	EndGlobalSection
EndGlobal
